
Microsoft Visual Studio Solution File, Format Version 12.00
# Visual Studio Version 17
VisualStudioVersion = 17.6.33717.318
MinimumVisualStudioVersion = 10.0.40219.1
Project("{FAE04EC0-301F-11D3-BF4B-00C04F79EFBC}") = "DrawingPad", "DrawingPad\DrawingPad.csproj", "{41A91183-98D0-42C6-9A14-E72AEADED3EA}"
EndProject
Global
	GlobalSection(SolutionConfigurationPlatforms) = preSolution
		Debug|Any CPU = Debug|Any CPU
		Release|Any CPU = Release|Any CPU
	EndGlobalSection
	GlobalSection(ProjectConfigurationPlatforms) = postSolution
		{41A91183-98D0-42C6-9A14-E72AEADED3EA}.Debug|Any CPU.ActiveCfg = Debug|Any CPU
		{41A91183-98D0-42C6-9A14-E72AEADED3EA}.Debug|Any CPU.Build.0 = Debug|Any CPU
		{41A91183-98D0-42C6-9A14-E72AEADED3EA}.Release|Any CPU.ActiveCfg = Release|Any CPU
		{41A91183-98D0-42C6-9A14-E72AEADED3EA}.Release|Any CPU.Build.0 = Release|Any CPU
	EndGlobalSection
	GlobalSection(SolutionProperties) = preSolution
		HideSolutionNode = FALSE
	EndGlobalSection
	GlobalSection(ExtensibilityGlobals) = postSolution
		SolutionGuid = {78A7BCD6-D9B0-4C12-8432-DF1A4E9475B9}
	EndGlobalSection
EndGlobal
